{
  "name": "opentag",
  "version": "0.1.0",
  "lockfileVersion": 3,
  "requires": true,
  "packages": {
    "": {
      "name": "opentag",
      "version": "0.1.0",
      "workspaces": [
        "apps/*",
        "packages/*"
      ],
      "devDependencies": {
        "@types/node": "^22.10.0",
        "typescript": "^5.7.0"
      },
      "engines": {
        "node": ">=20"
      }
    },
    "apps/admin": {
      "name": "@opentag/admin",
      "version": "0.1.0"
    },
    "apps/server": {
      "name": "@opentag/server",
      "version": "0.1.0",
      "dependencies": {
        "@opentag/config": "0.1.0",
        "@opentag/core": "0.1.0",
        "@opentag/delivery": "0.1.0",
        "@opentag/executor-claude": "0.1.0",
        "@opentag/executor-codex": "0.1.0",
        "@opentag/memory": "0.1.0",
        "@opentag/platform-lark": "0.1.0"
      }
    },
    "apps/worker": {
      "name": "@opentag/worker",
      "version": "0.1.0",
      "dependencies": {
        "@opentag/platform-lark": "0.1.0",
        "@opentag/runtime-host": "0.1.0"
      }
    },
    "node_modules/@opentag/admin": {
      "resolved": "apps/admin",
      "link": true
    },
    "node_modules/@opentag/config": {
      "resolved": "packages/config",
      "link": true
    },
    "node_modules/@opentag/core": {
      "resolved": "packages/core",
      "link": true
    },
    "node_modules/@opentag/delivery": {
      "resolved": "packages/delivery",
      "link": true
    },
    "node_modules/@opentag/executor-claude": {
      "resolved": "packages/executor-claude",
      "link": true
    },
    "node_modules/@opentag/executor-cli": {
      "resolved": "packages/executor-cli",
      "link": true
    },
    "node_modules/@opentag/executor-codex": {
      "resolved": "packages/executor-codex",
      "link": true
    },
    "node_modules/@opentag/memory": {
      "resolved": "packages/memory",
      "link": true
    },
    "node_modules/@opentag/platform-lark": {
      "resolved": "packages/platform-lark",
      "link": true
    },
    "node_modules/@opentag/platform-telegram": {
      "resolved": "packages/platform-telegram",
      "link": true
    },
    "node_modules/@opentag/runtime-host": {
      "resolved": "packages/runtime-host",
      "link": true
    },
    "node_modules/@opentag/server": {
      "resolved": "apps/server",
      "link": true
    },
    "node_modules/@opentag/tools-github": {
      "resolved": "packages/tools-github",
      "link": true
    },
    "node_modules/@opentag/ui-cards": {
      "resolved": "packages/ui-cards",
      "link": true
    },
    "node_modules/@opentag/worker": {
      "resolved": "apps/worker",
      "link": true
    },
    "node_modules/@types/node": {
      "version": "22.20.1",
      "resolved": "https://registry.npmjs.org/@types/node/-/node-22.20.1.tgz",
      "integrity": "sha512-EANqOCF9QFyra+4pfxUcX9STKJpCLjMbObVzljIJomAWSnuSIEAvyzEU53GaajbXJEgdh0iEcPL+DGvpUd4k1Q==",
      "dev": true,
      "license": "MIT",
      "dependencies": {
        "undici-types": "~6.21.0"
      }
    },
    "node_modules/typescript": {
      "version": "5.9.3",
      "resolved": "https://registry.npmjs.org/typescript/-/typescript-5.9.3.tgz",
      "integrity": "sha512-jl1vZzPDinLr9eUt3J/t7V6FgNEw9QjvBPdysz9KfQDD41fQrC2Y4vKQdiaUpFT4bXlb1RHhLpp8wtm6M5TgSw==",
      "dev": true,
      "license": "Apache-2.0",
      "bin": {
        "tsc": "bin/tsc",
        "tsserver": "bin/tsserver"
      },
      "engines": {
        "node": ">=14.17"
      }
    },
    "node_modules/undici-types": {
      "version": "6.21.0",
      "resolved": "https://registry.npmjs.org/undici-types/-/undici-types-6.21.0.tgz",
      "integrity": "sha512-iwDZqg0QAGrg9Rav5H4n0M64c3mkR59cJ6wQp+7C4nI0gsmExaedaYLNO44eT4AtBBwjbTiGPMlt2Md0T9H9JQ==",
      "dev": true,
      "license": "MIT"
    },
    "packages/config": {
      "name": "@opentag/config",
      "version": "0.1.0",
      "dependencies": {
        "@opentag/core": "0.1.0"
      }
    },
    "packages/core": {
      "name": "@opentag/core",
      "version": "0.1.0"
    },
    "packages/delivery": {
      "name": "@opentag/delivery",
      "version": "0.1.0",
      "dependencies": {
        "@opentag/core": "0.1.0",
        "@opentag/platform-lark": "0.1.0"
      }
    },
    "packages/executor-claude": {
      "name": "@opentag/executor-claude",
      "version": "0.1.0",
      "dependencies": {
        "@opentag/core": "0.1.0",
        "@opentag/executor-cli": "0.1.0"
      }
    },
    "packages/executor-cli": {
      "name": "@opentag/executor-cli",
      "version": "0.1.0",
      "dependencies": {
        "@opentag/core": "0.1.0"
      }
    },
    "packages/executor-codex": {
      "name": "@opentag/executor-codex",
      "version": "0.1.0",
      "dependencies": {
        "@opentag/core": "0.1.0",
        "@opentag/executor-cli": "0.1.0"
      }
    },
    "packages/memory": {
      "name": "@opentag/memory",
      "version": "0.1.0",
      "dependencies": {
        "@opentag/core": "0.1.0"
      }
    },
    "packages/platform-lark": {
      "name": "@opentag/platform-lark",
      "version": "0.1.0",
      "dependencies": {
        "@opentag/core": "0.1.0",
        "@opentag/ui-cards": "0.1.0"
      }
    },
    "packages/platform-telegram": {
      "name": "@opentag/platform-telegram",
      "version": "0.1.0",
      "dependencies": {
        "@opentag/core": "0.1.0"
      }
    },
    "packages/runtime-host": {
      "name": "@opentag/runtime-host",
      "version": "0.1.0",
      "dependencies": {
        "@opentag/config": "0.1.0",
        "@opentag/core": "0.1.0",
        "@opentag/delivery": "0.1.0",
        "@opentag/executor-claude": "0.1.0",
        "@opentag/executor-codex": "0.1.0",
        "@opentag/memory": "0.1.0",
        "@opentag/platform-lark": "0.1.0"
      }
    },
    "packages/tools-github": {
      "name": "@opentag/tools-github",
      "version": "0.1.0",
      "dependencies": {
        "@opentag/core": "0.1.0"
      }
    },
    "packages/ui-cards": {
      "name": "@opentag/ui-cards",
      "version": "0.1.0",
      "dependencies": {
        "@opentag/core": "0.1.0"
      }
    }
  }
}
